{
  "name": "pack2",
  "version": "1.0.0",
  "lockfileVersion": 2,
  "requires": true,
  "packages": {
    "": {
      "name": "pack2",
      "version": "1.0.0",
      "license": "ISC",
      "dependencies": {
        "@ajoq/platforms": "^1.0.0"
      }
    },
    "node_modules/@ajoq/platforms": {
      "version": "1.0.0",
      "resolved": "https://npm.pkg.github.com/download/@ajoq/platforms/1.0.0/1c3a6d91cc480567e7b0bbecad08a7b56fb45bb99d285f139b0ebdcca8e0cb37",
      "integrity": "sha512-AmHQyN/slwDHblMIazAfh/BCIttoiu/o6JEJFbpX4/2cUZKOT+Hg+qlPFy7FQA6XyZAeJSby2n2h7jL/lpg5HA==",
      "license": "ISC"
    }
  },
  "dependencies": {
    "@ajoq/platforms": {
      "version": "1.0.0",
      "resolved": "https://npm.pkg.github.com/download/@ajoq/platforms/1.0.0/1c3a6d91cc480567e7b0bbecad08a7b56fb45bb99d285f139b0ebdcca8e0cb37",
      "integrity": "sha512-AmHQyN/slwDHblMIazAfh/BCIttoiu/o6JEJFbpX4/2cUZKOT+Hg+qlPFy7FQA6XyZAeJSby2n2h7jL/lpg5HA=="
    }
  }
}
